
Microsoft Visual Studio Solution File, Format Version 12.00
# Visual Studio Version 16
VisualStudioVersion = 16.0.30804.86
MinimumVisualStudioVersion = 10.0.40219.1
Project("{9A19103F-16F7-4668-BE54-9A1E7A4F7556}") = "Entities", "Entities\Entities.csproj", "{DA6EFC9B-AF5E-42EE-8A4F-E5ACF4C27386}"
EndProject
Project("{9A19103F-16F7-4668-BE54-9A1E7A4F7556}") = "DataAccess", "DataAccess\DataAccess.csproj", "{4E9B4DA9-3047-4ED0-BF1F-541D037A7500}"
EndProject
Project("{9A19103F-16F7-4668-BE54-9A1E7A4F7556}") = "Business", "Business\Business.csproj", "{7558F262-AF2D-4788-8E6E-42C3D32A1A15}"
EndProject
Project("{9A19103F-16F7-4668-BE54-9A1E7A4F7556}") = "ConsoleUI", "ConsoleUI\ConsoleUI.csproj", "{399ED48A-6456-4F45-9D56-483DE69C9199}"
EndProject
Project("{2150E333-8FDC-42A3-9474-1A3956D46DE8}") = "DemoApp", "DemoApp", "{7BAE1926-564A-4F4E-ACE7-70F29DC256AE}"
EndProject
Project("{9A19103F-16F7-4668-BE54-9A1E7A4F7556}") = "Linq", "Linq\Linq.csproj", "{C75969AC-4ACC-47A1-B494-7E7697290DDB}"
EndProject
Project("{FAE04EC0-301F-11D3-BF4B-00C04F79EFBC}") = "Core", "Core\Core.csproj", "{944705CD-A7C2-4501-B9B0-82668F4434D7}"
EndProject
Global
	GlobalSection(SolutionConfigurationPlatforms) = preSolution
		Debug|Any CPU = Debug|Any CPU
		Release|Any CPU = Release|Any CPU
	EndGlobalSection
	GlobalSection(ProjectConfigurationPlatforms) = postSolution
		{DA6EFC9B-AF5E-42EE-8A4F-E5ACF4C27386}.Debug|Any CPU.ActiveCfg = Debug|Any CPU
		{DA6EFC9B-AF5E-42EE-8A4F-E5ACF4C27386}.Debug|Any CPU.Build.0 = Debug|Any CPU
		{DA6EFC9B-AF5E-42EE-8A4F-E5ACF4C27386}.Release|Any CPU.ActiveCfg = Release|Any CPU
		{DA6EFC9B-AF5E-42EE-8A4F-E5ACF4C27386}.Release|Any CPU.Build.0 = Release|Any CPU
		{4E9B4DA9-3047-4ED0-BF1F-541D037A7500}.Debug|Any CPU.ActiveCfg = Debug|Any CPU
		{4E9B4DA9-3047-4ED0-BF1F-541D037A7500}.Debug|Any CPU.Build.0 = Debug|Any CPU
		{4E9B4DA9-3047-4ED0-BF1F-541D037A7500}.Release|Any CPU.ActiveCfg = Release|Any CPU
		{4E9B4DA9-3047-4ED0-BF1F-541D037A7500}.Release|Any CPU.Build.0 = Release|Any CPU
		{7558F262-AF2D-4788-8E6E-42C3D32A1A15}.Debug|Any CPU.ActiveCfg = Debug|Any CPU
		{7558F262-AF2D-4788-8E6E-42C3D32A1A15}.Debug|Any CPU.Build.0 = Debug|Any CPU
		{7558F262-AF2D-4788-8E6E-42C3D32A1A15}.Release|Any CPU.ActiveCfg = Release|Any CPU
		{7558F262-AF2D-4788-8E6E-42C3D32A1A15}.Release|Any CPU.Build.0 = Release|Any CPU
		{399ED48A-6456-4F45-9D56-483DE69C9199}.Debug|Any CPU.ActiveCfg = Debug|Any CPU
		{399ED48A-6456-4F45-9D56-483DE69C9199}.Debug|Any CPU.Build.0 = Debug|Any CPU
		{399ED48A-6456-4F45-9D56-483DE69C9199}.Release|Any CPU.ActiveCfg = Release|Any CPU
		{399ED48A-6456-4F45-9D56-483DE69C9199}.Release|Any CPU.Build.0 = Release|Any CPU
		{C75969AC-4ACC-47A1-B494-7E7697290DDB}.Debug|Any CPU.ActiveCfg = Debug|Any CPU
		{C75969AC-4ACC-47A1-B494-7E7697290DDB}.Debug|Any CPU.Build.0 = Debug|Any CPU
		{C75969AC-4ACC-47A1-B494-7E7697290DDB}.Release|Any CPU.ActiveCfg = Release|Any CPU
		{C75969AC-4ACC-47A1-B494-7E7697290DDB}.Release|Any CPU.Build.0 = Release|Any CPU
		{944705CD-A7C2-4501-B9B0-82668F4434D7}.Debug|Any CPU.ActiveCfg = Debug|Any CPU
		{944705CD-A7C2-4501-B9B0-82668F4434D7}.Debug|Any CPU.Build.0 = Debug|Any CPU
		{944705CD-A7C2-4501-B9B0-82668F4434D7}.Release|Any CPU.ActiveCfg = Release|Any CPU
		{944705CD-A7C2-4501-B9B0-82668F4434D7}.Release|Any CPU.Build.0 = Release|Any CPU
	EndGlobalSection
	GlobalSection(SolutionProperties) = preSolution
		HideSolutionNode = FALSE
	EndGlobalSection
	GlobalSection(NestedProjects) = preSolution
		{C75969AC-4ACC-47A1-B494-7E7697290DDB} = {7BAE1926-564A-4F4E-ACE7-70F29DC256AE}
	EndGlobalSection
	GlobalSection(ExtensibilityGlobals) = postSolution
		SolutionGuid = {DC38FEAD-44FC-4E6D-8158-AFA49BDA1C1B}
	EndGlobalSection
EndGlobal
