
Microsoft Visual Studio Solution File, Format Version 12.00
# Visual Studio Version 16
VisualStudioVersion = 16.0.30804.86
MinimumVisualStudioVersion = 10.0.40219.1
Project("{9A19103F-16F7-4668-BE54-9A1E7A4F7556}") = "DataAccess", "DataAccess\DataAccess.csproj", "{75382FFA-65EC-4672-B6B9-F043BA90DB03}"
EndProject
Project("{9A19103F-16F7-4668-BE54-9A1E7A4F7556}") = "Business", "Business\Business.csproj", "{3039747C-E730-470D-9DCB-280D160A948B}"
EndProject
Project("{9A19103F-16F7-4668-BE54-9A1E7A4F7556}") = "Entities", "Entities\Entities.csproj", "{785C586D-E00A-459A-9A9F-C187EE055D73}"
EndProject
Project("{9A19103F-16F7-4668-BE54-9A1E7A4F7556}") = "ConsoleUI", "ConsoleUI\ConsoleUI.csproj", "{7C868043-CD96-48C6-B2FA-A34CAA8EFAF4}"
EndProject
Project("{9A19103F-16F7-4668-BE54-9A1E7A4F7556}") = "Core", "Core\Core.csproj", "{7CBF78A4-8113-45CD-9EA9-60764DA689CD}"
EndProject
Project("{FAE04EC0-301F-11D3-BF4B-00C04F79EFBC}") = "WebAPI", "WebAPI\WebAPI.csproj", "{ECC5AA61-BE6A-43F1-844B-1F2EDE07CD86}"
EndProject
Global
	GlobalSection(SolutionConfigurationPlatforms) = preSolution
		Debug|Any CPU = Debug|Any CPU
		Release|Any CPU = Release|Any CPU
	EndGlobalSection
	GlobalSection(ProjectConfigurationPlatforms) = postSolution
		{75382FFA-65EC-4672-B6B9-F043BA90DB03}.Debug|Any CPU.ActiveCfg = Debug|Any CPU
		{75382FFA-65EC-4672-B6B9-F043BA90DB03}.Debug|Any CPU.Build.0 = Debug|Any CPU
		{75382FFA-65EC-4672-B6B9-F043BA90DB03}.Release|Any CPU.ActiveCfg = Release|Any CPU
		{75382FFA-65EC-4672-B6B9-F043BA90DB03}.Release|Any CPU.Build.0 = Release|Any CPU
		{3039747C-E730-470D-9DCB-280D160A948B}.Debug|Any CPU.ActiveCfg = Debug|Any CPU
		{3039747C-E730-470D-9DCB-280D160A948B}.Debug|Any CPU.Build.0 = Debug|Any CPU
		{3039747C-E730-470D-9DCB-280D160A948B}.Release|Any CPU.ActiveCfg = Release|Any CPU
		{3039747C-E730-470D-9DCB-280D160A948B}.Release|Any CPU.Build.0 = Release|Any CPU
		{785C586D-E00A-459A-9A9F-C187EE055D73}.Debug|Any CPU.ActiveCfg = Debug|Any CPU
		{785C586D-E00A-459A-9A9F-C187EE055D73}.Debug|Any CPU.Build.0 = Debug|Any CPU
		{785C586D-E00A-459A-9A9F-C187EE055D73}.Release|Any CPU.ActiveCfg = Release|Any CPU
		{785C586D-E00A-459A-9A9F-C187EE055D73}.Release|Any CPU.Build.0 = Release|Any CPU
		{7C868043-CD96-48C6-B2FA-A34CAA8EFAF4}.Debug|Any CPU.ActiveCfg = Debug|Any CPU
		{7C868043-CD96-48C6-B2FA-A34CAA8EFAF4}.Debug|Any CPU.Build.0 = Debug|Any CPU
		{7C868043-CD96-48C6-B2FA-A34CAA8EFAF4}.Release|Any CPU.ActiveCfg = Release|Any CPU
		{7C868043-CD96-48C6-B2FA-A34CAA8EFAF4}.Release|Any CPU.Build.0 = Release|Any CPU
		{7CBF78A4-8113-45CD-9EA9-60764DA689CD}.Debug|Any CPU.ActiveCfg = Debug|Any CPU
		{7CBF78A4-8113-45CD-9EA9-60764DA689CD}.Debug|Any CPU.Build.0 = Debug|Any CPU
		{7CBF78A4-8113-45CD-9EA9-60764DA689CD}.Release|Any CPU.ActiveCfg = Release|Any CPU
		{7CBF78A4-8113-45CD-9EA9-60764DA689CD}.Release|Any CPU.Build.0 = Release|Any CPU
		{ECC5AA61-BE6A-43F1-844B-1F2EDE07CD86}.Debug|Any CPU.ActiveCfg = Debug|Any CPU
		{ECC5AA61-BE6A-43F1-844B-1F2EDE07CD86}.Debug|Any CPU.Build.0 = Debug|Any CPU
		{ECC5AA61-BE6A-43F1-844B-1F2EDE07CD86}.Release|Any CPU.ActiveCfg = Release|Any CPU
		{ECC5AA61-BE6A-43F1-844B-1F2EDE07CD86}.Release|Any CPU.Build.0 = Release|Any CPU
	EndGlobalSection
	GlobalSection(SolutionProperties) = preSolution
		HideSolutionNode = FALSE
	EndGlobalSection
	GlobalSection(ExtensibilityGlobals) = postSolution
		SolutionGuid = {3B61D1BA-8C62-432A-8676-BAE47E8F00D7}
	EndGlobalSection
EndGlobal
